
Microsoft Visual Studio Solution File, Format Version 12.00
# Visual Studio 15
VisualStudioVersion = 15.0.28307.1684
MinimumVisualStudioVersion = 10.0.40219.1
Project("{FAE04EC0-301F-11D3-BF4B-00C04F79EFBC}") = "DependencyInversioon", "DependencyInversioon\DependencyInversioon.csproj", "{21AFB539-C22B-4A75-A6C4-40F825ABB41B}"
EndProject
Project("{FAE04EC0-301F-11D3-BF4B-00C04F79EFBC}") = "BL", "BL\BL.csproj", "{21C10879-7459-4DCE-836C-B3D012A2EC13}"
EndProject
Global
	GlobalSection(SolutionConfigurationPlatforms) = preSolution
		Debug|Any CPU = Debug|Any CPU
		Release|Any CPU = Release|Any CPU
	EndGlobalSection
	GlobalSection(ProjectConfigurationPlatforms) = postSolution
		{21AFB539-C22B-4A75-A6C4-40F825ABB41B}.Debug|Any CPU.ActiveCfg = Debug|Any CPU
		{21AFB539-C22B-4A75-A6C4-40F825ABB41B}.Debug|Any CPU.Build.0 = Debug|Any CPU
		{21AFB539-C22B-4A75-A6C4-40F825ABB41B}.Release|Any CPU.ActiveCfg = Release|Any CPU
		{21AFB539-C22B-4A75-A6C4-40F825ABB41B}.Release|Any CPU.Build.0 = Release|Any CPU
		{21C10879-7459-4DCE-836C-B3D012A2EC13}.Debug|Any CPU.ActiveCfg = Debug|Any CPU
		{21C10879-7459-4DCE-836C-B3D012A2EC13}.Debug|Any CPU.Build.0 = Debug|Any CPU
		{21C10879-7459-4DCE-836C-B3D012A2EC13}.Release|Any CPU.ActiveCfg = Release|Any CPU
		{21C10879-7459-4DCE-836C-B3D012A2EC13}.Release|Any CPU.Build.0 = Release|Any CPU
	EndGlobalSection
	GlobalSection(SolutionProperties) = preSolution
		HideSolutionNode = FALSE
	EndGlobalSection
	GlobalSection(ExtensibilityGlobals) = postSolution
		SolutionGuid = {417BE562-F02B-471D-84F6-A42DC45180BC}
	EndGlobalSection
EndGlobal
